
Microsoft Visual Studio Solution File, Format Version 12.00
# Visual Studio Version 16
VisualStudioVersion = 16.0.30204.135
MinimumVisualStudioVersion = 10.0.40219.1
Project("{FAE04EC0-301F-11D3-BF4B-00C04F79EFBC}") = "ProyectoAutos.Presentacion", "ProyectoAutos.Presentacion\ProyectoAutos.Presentacion.csproj", "{D612F1D7-D0B2-46A3-B10C-2BA471975787}"
EndProject
Project("{FAE04EC0-301F-11D3-BF4B-00C04F79EFBC}") = "ProyectoAutos.Entidades", "ProyectoAutos.Entidades\ProyectoAutos.Entidades.csproj", "{B3641099-B355-4F87-B428-9A1224DEAFE1}"
EndProject
Project("{FAE04EC0-301F-11D3-BF4B-00C04F79EFBC}") = "ProyectoAutos.Datos", "ProyectoAutos.Datos\ProyectoAutos.Datos.csproj", "{D1AE0686-4BD0-4395-A217-C176BCE28008}"
EndProject
Project("{FAE04EC0-301F-11D3-BF4B-00C04F79EFBC}") = "ProyectoAutos.Servicios", "ProyectoAutos.Servicions\ProyectoAutos.Servicios.csproj", "{1D7A5061-4712-4768-9601-58465E5AD46B}"
EndProject
Project("{FAE04EC0-301F-11D3-BF4B-00C04F79EFBC}") = "ProyectoAutos.Reportes", "ProyectoAutos.Reportes\ProyectoAutos.Reportes.csproj", "{EAD709CB-BD95-4671-BB84-830C16C305EE}"
EndProject
Global
	GlobalSection(SolutionConfigurationPlatforms) = preSolution
		Debug|Any CPU = Debug|Any CPU
		Release|Any CPU = Release|Any CPU
	EndGlobalSection
	GlobalSection(ProjectConfigurationPlatforms) = postSolution
		{D612F1D7-D0B2-46A3-B10C-2BA471975787}.Debug|Any CPU.ActiveCfg = Debug|Any CPU
		{D612F1D7-D0B2-46A3-B10C-2BA471975787}.Debug|Any CPU.Build.0 = Debug|Any CPU
		{D612F1D7-D0B2-46A3-B10C-2BA471975787}.Release|Any CPU.ActiveCfg = Release|Any CPU
		{D612F1D7-D0B2-46A3-B10C-2BA471975787}.Release|Any CPU.Build.0 = Release|Any CPU
		{B3641099-B355-4F87-B428-9A1224DEAFE1}.Debug|Any CPU.ActiveCfg = Debug|Any CPU
		{B3641099-B355-4F87-B428-9A1224DEAFE1}.Debug|Any CPU.Build.0 = Debug|Any CPU
		{B3641099-B355-4F87-B428-9A1224DEAFE1}.Release|Any CPU.ActiveCfg = Release|Any CPU
		{B3641099-B355-4F87-B428-9A1224DEAFE1}.Release|Any CPU.Build.0 = Release|Any CPU
		{D1AE0686-4BD0-4395-A217-C176BCE28008}.Debug|Any CPU.ActiveCfg = Debug|Any CPU
		{D1AE0686-4BD0-4395-A217-C176BCE28008}.Debug|Any CPU.Build.0 = Debug|Any CPU
		{D1AE0686-4BD0-4395-A217-C176BCE28008}.Release|Any CPU.ActiveCfg = Release|Any CPU
		{D1AE0686-4BD0-4395-A217-C176BCE28008}.Release|Any CPU.Build.0 = Release|Any CPU
		{1D7A5061-4712-4768-9601-58465E5AD46B}.Debug|Any CPU.ActiveCfg = Debug|Any CPU
		{1D7A5061-4712-4768-9601-58465E5AD46B}.Debug|Any CPU.Build.0 = Debug|Any CPU
		{1D7A5061-4712-4768-9601-58465E5AD46B}.Release|Any CPU.ActiveCfg = Release|Any CPU
		{1D7A5061-4712-4768-9601-58465E5AD46B}.Release|Any CPU.Build.0 = Release|Any CPU
		{EAD709CB-BD95-4671-BB84-830C16C305EE}.Debug|Any CPU.ActiveCfg = Debug|Any CPU
		{EAD709CB-BD95-4671-BB84-830C16C305EE}.Debug|Any CPU.Build.0 = Debug|Any CPU
		{EAD709CB-BD95-4671-BB84-830C16C305EE}.Release|Any CPU.ActiveCfg = Release|Any CPU
		{EAD709CB-BD95-4671-BB84-830C16C305EE}.Release|Any CPU.Build.0 = Release|Any CPU
	EndGlobalSection
	GlobalSection(SolutionProperties) = preSolution
		HideSolutionNode = FALSE
	EndGlobalSection
	GlobalSection(ExtensibilityGlobals) = postSolution
		SolutionGuid = {9F3E9C09-D1A0-4FEA-BE7D-6ECFEA3586E1}
	EndGlobalSection
EndGlobal
